
Microsoft Visual Studio Solution File, Format Version 12.00
# Visual Studio Version 16
VisualStudioVersion = 16.0.29424.173
MinimumVisualStudioVersion = 10.0.40219.1
Project("{FAE04EC0-301F-11D3-BF4B-00C04F79EFBC}") = "ModelValidationErrorSample", "ModelValidationErrorSample.csproj", "{F1EBD6E6-360F-44F8-81F3-438EE95377D5}"
EndProject
Global
	GlobalSection(SolutionConfigurationPlatforms) = preSolution
		Debug|Any CPU = Debug|Any CPU
		Release|Any CPU = Release|Any CPU
	EndGlobalSection
	GlobalSection(ProjectConfigurationPlatforms) = postSolution
		{F1EBD6E6-360F-44F8-81F3-438EE95377D5}.Debug|Any CPU.ActiveCfg = Debug|Any CPU
		{F1EBD6E6-360F-44F8-81F3-438EE95377D5}.Debug|Any CPU.Build.0 = Debug|Any CPU
		{F1EBD6E6-360F-44F8-81F3-438EE95377D5}.Release|Any CPU.ActiveCfg = Release|Any CPU
		{F1EBD6E6-360F-44F8-81F3-438EE95377D5}.Release|Any CPU.Build.0 = Release|Any CPU
	EndGlobalSection
	GlobalSection(SolutionProperties) = preSolution
		HideSolutionNode = FALSE
	EndGlobalSection
	GlobalSection(ExtensibilityGlobals) = postSolution
		SolutionGuid = {FE6107AA-B1D9-471B-9917-92771255D129}
	EndGlobalSection
EndGlobal
